
Microsoft Visual Studio Solution File, Format Version 12.00
# Visual Studio Version 17
VisualStudioVersion = 17.9.34728.123
MinimumVisualStudioVersion = 10.0.40219.1
Project("{FAE04EC0-301F-11D3-BF4B-00C04F79EFBC}") = "Api", ".\Api\Api.csproj", "{7638DD72-8AFE-4A03-96D0-5A871D5C4142}"
EndProject
Project("{FAE04EC0-301F-11D3-BF4B-00C04F79EFBC}") = "Diamond.tests", ".\Diamond.tests\Diamond.tests.csproj", "{ECE58363-EF7F-4E7B-B37B-41F35C740607}"
EndProject
Project("{FAE04EC0-301F-11D3-BF4B-00C04F79EFBC}") = "Diamond", ".\Diamond\Diamond.csproj", "{6EA2CF0C-0D58-4D61-BA63-679A38EE5793}"
EndProject
Global
	GlobalSection(SolutionConfigurationPlatforms) = preSolution
		Debug|Any CPU = Debug|Any CPU
		Release|Any CPU = Release|Any CPU
	EndGlobalSection
	GlobalSection(ProjectConfigurationPlatforms) = postSolution
		{7638DD72-8AFE-4A03-96D0-5A871D5C4142}.Debug|Any CPU.ActiveCfg = Debug|Any CPU
		{7638DD72-8AFE-4A03-96D0-5A871D5C4142}.Debug|Any CPU.Build.0 = Debug|Any CPU
		{7638DD72-8AFE-4A03-96D0-5A871D5C4142}.Release|Any CPU.ActiveCfg = Release|Any CPU
		{7638DD72-8AFE-4A03-96D0-5A871D5C4142}.Release|Any CPU.Build.0 = Release|Any CPU
		{ECE58363-EF7F-4E7B-B37B-41F35C740607}.Debug|Any CPU.ActiveCfg = Debug|Any CPU
		{ECE58363-EF7F-4E7B-B37B-41F35C740607}.Debug|Any CPU.Build.0 = Debug|Any CPU
		{ECE58363-EF7F-4E7B-B37B-41F35C740607}.Release|Any CPU.ActiveCfg = Release|Any CPU
		{ECE58363-EF7F-4E7B-B37B-41F35C740607}.Release|Any CPU.Build.0 = Release|Any CPU
		{6EA2CF0C-0D58-4D61-BA63-679A38EE5793}.Debug|Any CPU.ActiveCfg = Debug|Any CPU
		{6EA2CF0C-0D58-4D61-BA63-679A38EE5793}.Debug|Any CPU.Build.0 = Debug|Any CPU
		{6EA2CF0C-0D58-4D61-BA63-679A38EE5793}.Release|Any CPU.ActiveCfg = Release|Any CPU
		{6EA2CF0C-0D58-4D61-BA63-679A38EE5793}.Release|Any CPU.Build.0 = Release|Any CPU
	EndGlobalSection
	GlobalSection(SolutionProperties) = preSolution
		HideSolutionNode = FALSE
	EndGlobalSection
	GlobalSection(ExtensibilityGlobals) = postSolution
		SolutionGuid = {8AE3ABC6-581F-4A3D-8C2B-8FC60FDBE5B3}
	EndGlobalSection
EndGlobal
